
Microsoft Visual Studio Solution File, Format Version 12.00
# Visual Studio Version 16
VisualStudioVersion = 16.0.31129.286
MinimumVisualStudioVersion = 10.0.40219.1
Project("{8BC9CEB8-8B4A-11D0-8D11-00A0C91BC942}") = "TotalNES", "TotalNES\TotalNES.vcxproj", "{424D386D-661C-4901-B294-30756648F3ED}"
EndProject
Global
	GlobalSection(SolutionConfigurationPlatforms) = preSolution
		Debug|x64 = Debug|x64
		Debug|x86 = Debug|x86
		Release|x64 = Release|x64
		Release|x86 = Release|x86
	EndGlobalSection
	GlobalSection(ProjectConfigurationPlatforms) = postSolution
		{424D386D-661C-4901-B294-30756648F3ED}.Debug|x64.ActiveCfg = Debug|x64
		{424D386D-661C-4901-B294-30756648F3ED}.Debug|x64.Build.0 = Debug|x64
		{424D386D-661C-4901-B294-30756648F3ED}.Debug|x86.ActiveCfg = Debug|Win32
		{424D386D-661C-4901-B294-30756648F3ED}.Debug|x86.Build.0 = Debug|Win32
		{424D386D-661C-4901-B294-30756648F3ED}.Release|x64.ActiveCfg = Release|x64
		{424D386D-661C-4901-B294-30756648F3ED}.Release|x64.Build.0 = Release|x64
		{424D386D-661C-4901-B294-30756648F3ED}.Release|x86.ActiveCfg = Release|Win32
		{424D386D-661C-4901-B294-30756648F3ED}.Release|x86.Build.0 = Release|Win32
	EndGlobalSection
	GlobalSection(SolutionProperties) = preSolution
		HideSolutionNode = FALSE
	EndGlobalSection
	GlobalSection(ExtensibilityGlobals) = postSolution
		SolutionGuid = {D511AD25-2A58-4873-A11E-EC2DA046BFBF}
	EndGlobalSection
EndGlobal
